// !$*UTF8*$!
{
	archiveVersion = 1;
	classes = {
	};
	objectVersion = 48;
	objects = {

/* Begin PBXBuildFile section */
		5CE947E8F9BB1966DDD4DA59 /* Pods_Social_Media.framework in Frameworks */ = {isa = PBXBuildFile; fileRef = C0F162CA5A777646B666E5D4 /* Pods_Social_Media.framework */; };
		A722C8291FADE9890033241B /* AppDelegate.swift in Sources */ = {isa = PBXBuildFile; fileRef = A722C8281FADE9890033241B /* AppDelegate.swift */; };
		A722C82B1FADE9890033241B /* SignInVC.swift in Sources */ = {isa = PBXBuildFile; fileRef = A722C82A1FADE9890033241B /* SignInVC.swift */; };
		A722C82E1FADE9890033241B /* Main.storyboard in Resources */ = {isa = PBXBuildFile; fileRef = A722C82C1FADE9890033241B /* Main.storyboard */; };
		A722C8301FADE9890033241B /* Assets.xcassets in Resources */ = {isa = PBXBuildFile; fileRef = A722C82F1FADE9890033241B /* Assets.xcassets */; };
		A722C8331FADE9890033241B /* LaunchScreen.storyboard in Resources */ = {isa = PBXBuildFile; fileRef = A722C8311FADE9890033241B /* LaunchScreen.storyboard */; };
		A722C83B1FADE9CD0033241B /* GoogleService-Info.plist in Resources */ = {isa = PBXBuildFile; fileRef = A722C83A1FADE9CD0033241B /* GoogleService-Info.plist */; };
		A7808EF71FAE777600DDDC54 /* FancView.swift in Sources */ = {isa = PBXBuildFile; fileRef = A7808EF61FAE777600DDDC54 /* FancView.swift */; };
		A7808EFA1FAE7E5500DDDC54 /* Constants.swift in Sources */ = {isa = PBXBuildFile; fileRef = A7808EF91FAE7E5500DDDC54 /* Constants.swift */; };
		A7808EFC1FAE888D00DDDC54 /* RoundBtn.swift in Sources */ = {isa = PBXBuildFile; fileRef = A7808EFB1FAE888D00DDDC54 /* RoundBtn.swift */; };
		A7808EFE1FAE8DF100DDDC54 /* FancyField.swift in Sources */ = {isa = PBXBuildFile; fileRef = A7808EFD1FAE8DF100DDDC54 /* FancyField.swift */; };
		A7808F001FAE936900DDDC54 /* FancyBtn.swift in Sources */ = {isa = PBXBuildFile; fileRef = A7808EFF1FAE936900DDDC54 /* FancyBtn.swift */; };
/* End PBXBuildFile section */

/* Begin PBXFileReference section */
		3E41B0AA69B5403596001D70 /* Pods-Social-Media.release.xcconfig */ = {isa = PBXFileReference; includeInIndex = 1; lastKnownFileType = text.xcconfig; name = "Pods-Social-Media.release.xcconfig"; path = "Pods/Target Support Files/Pods-Social-Media/Pods-Social-Media.release.xcconfig"; sourceTree = "<group>"; };
		A722C8251FADE9890033241B /* Social-Media.app */ = {isa = PBXFileReference; explicitFileType = wrapper.application; includeInIndex = 0; path = "Social-Media.app"; sourceTree = BUILT_PRODUCTS_DIR; };
		A722C8281FADE9890033241B /* AppDelegate.swift */ = {isa = PBXFileReference; lastKnownFileType = sourcecode.swift; path = AppDelegate.swift; sourceTree = "<group>"; };
		A722C82A1FADE9890033241B /* SignInVC.swift */ = {isa = PBXFileReference; lastKnownFileType = sourcecode.swift; path = SignInVC.swift; sourceTree = "<group>"; };
		A722C82D1FADE9890033241B /* Base */ = {isa = PBXFileReference; lastKnownFileType = file.storyboard; name = Base; path = Base.lproj/Main.storyboard; sourceTree = "<group>"; };
		A722C82F1FADE9890033241B /* Assets.xcassets */ = {isa = PBXFileReference; lastKnownFileType = folder.assetcatalog; path = Assets.xcassets; sourceTree = "<group>"; };
		A722C8321FADE9890033241B /* Base */ = {isa = PBXFileReference; lastKnownFileType = file.storyboard; name = Base; path = Base.lproj/LaunchScreen.storyboard; sourceTree = "<group>"; };
		A722C8341FADE9890033241B /* Info.plist */ = {isa = PBXFileReference; lastKnownFileType = text.plist.xml; path = Info.plist; sourceTree = "<group>"; };
		A722C83A1FADE9CD0033241B /* GoogleService-Info.plist */ = {isa = PBXFileReference; fileEncoding = 4; lastKnownFileType = text.plist.xml; path = "GoogleService-Info.plist"; sourceTree = "<group>"; };
		A7808EF61FAE777600DDDC54 /* FancView.swift */ = {isa = PBXFileReference; lastKnownFileType = sourcecode.swift; path = FancView.swift; sourceTree = "<group>"; };
		A7808EF91FAE7E5500DDDC54 /* Constants.swift */ = {isa = PBXFileReference; lastKnownFileType = sourcecode.swift; path = Constants.swift; sourceTree = "<group>"; };
		A7808EFB1FAE888D00DDDC54 /* RoundBtn.swift */ = {isa = PBXFileReference; lastKnownFileType = sourcecode.swift; path = RoundBtn.swift; sourceTree = "<group>"; };
		A7808EFD1FAE8DF100DDDC54 /* FancyField.swift */ = {isa = PBXFileReference; lastKnownFileType = sourcecode.swift; path = FancyField.swift; sourceTree = "<group>"; };
		A7808EFF1FAE936900DDDC54 /* FancyBtn.swift */ = {isa = PBXFileReference; lastKnownFileType = sourcecode.swift; path = FancyBtn.swift; sourceTree = "<group>"; };
		C0F162CA5A777646B666E5D4 /* Pods_Social_Media.framework */ = {isa = PBXFileReference; explicitFileType = wrapper.framework; includeInIndex = 0; path = Pods_Social_Media.framework; sourceTree = BUILT_PRODUCTS_DIR; };
		F8C2E41DED126FD4E4DE9D2E /* Pods-Social-Media.debug.xcconfig */ = {isa = PBXFileReference; includeInIndex = 1; lastKnownFileType = text.xcconfig; name = "Pods-Social-Media.debug.xcconfig"; path = "Pods/Target Support Files/Pods-Social-Media/Pods-Social-Media.debug.xcconfig"; sourceTree = "<group>"; };
/* End PBXFileReference section */

/* Begin PBXFrameworksBuildPhase section */
		A722C8221FADE9890033241B /* Frameworks */ = {
			isa = PBXFrameworksBuildPhase;
			buildActionMask = 2147483647;
			files = (
				5CE947E8F9BB1966DDD4DA59 /* Pods_Social_Media.framework in Frameworks */,
			);
			runOnlyForDeploymentPostprocessing = 0;
		};
/* End PBXFrameworksBuildPhase section */

/* Begin PBXGroup section */
		875DDEBB785E529B1F015AD2 /* Pods */ = {
			isa = PBXGroup;
			children = (
				F8C2E41DED126FD4E4DE9D2E /* Pods-Social-Media.debug.xcconfig */,
				3E41B0AA69B5403596001D70 /* Pods-Social-Media.release.xcconfig */,
			);
			name = Pods;
			sourceTree = "<group>";
		};
		A722C81C1FADE9890033241B = {
			isa = PBXGroup;
			children = (
				A722C8271FADE9890033241B /* Social-Media */,
				A722C8261FADE9890033241B /* Products */,
				875DDEBB785E529B1F015AD2 /* Pods */,
				D658EFE1C7A5578A850CD55D /* Frameworks */,
			);
			sourceTree = "<group>";
		};
		A722C8261FADE9890033241B /* Products */ = {
			isa = PBXGroup;
			children = (
				A722C8251FADE9890033241B /* Social-Media.app */,
			);
			name = Products;
			sourceTree = "<group>";
		};
		A722C8271FADE9890033241B /* Social-Media */ = {
			isa = PBXGroup;
			children = (
				A7808EF81FAE7E4600DDDC54 /* Utils */,
				A722C83C1FADFC370033241B /* Model */,
				A722C83D1FADFC420033241B /* View */,
				A722C83E1FADFC4B0033241B /* Controller */,
				A722C83A1FADE9CD0033241B /* GoogleService-Info.plist */,
				A722C8281FADE9890033241B /* AppDelegate.swift */,
				A722C82C1FADE9890033241B /* Main.storyboard */,
				A722C82F1FADE9890033241B /* Assets.xcassets */,
				A722C8311FADE9890033241B /* LaunchScreen.storyboard */,
				A722C8341FADE9890033241B /* Info.plist */,
			);
			path = "Social-Media";
			sourceTree = "<group>";
		};
		A722C83C1FADFC370033241B /* Model */ = {
			isa = PBXGroup;
			children = (
			);
			path = Model;
			sourceTree = "<group>";
		};
		A722C83D1FADFC420033241B /* View */ = {
			isa = PBXGroup;
			children = (
				A7808EF61FAE777600DDDC54 /* FancView.swift */,
				A7808EFB1FAE888D00DDDC54 /* RoundBtn.swift */,
				A7808EFD1FAE8DF100DDDC54 /* FancyField.swift */,
				A7808EFF1FAE936900DDDC54 /* FancyBtn.swift */,
			);
			path = View;
			sourceTree = "<group>";
		};
		A722C83E1FADFC4B0033241B /* Controller */ = {
			isa = PBXGroup;
			children = (
				A722C82A1FADE9890033241B /* SignInVC.swift */,
			);
			path = Controller;
			sourceTree = "<group>";
		};
		A7808EF81FAE7E4600DDDC54 /* Utils */ = {
			isa = PBXGroup;
			children = (
				A7808EF91FAE7E5500DDDC54 /* Constants.swift */,
			);
			path = Utils;
			sourceTree = "<group>";
		};
		D658EFE1C7A5578A850CD55D /* Frameworks */ = {
			isa = PBXGroup;
			children = (
				C0F162CA5A777646B666E5D4 /* Pods_Social_Media.framework */,
			);
			name = Frameworks;
			sourceTree = "<group>";
		};
/* End PBXGroup section */

/* Begin PBXNativeTarget section */
		A722C8241FADE9890033241B /* Social-Media */ = {
			isa = PBXNativeTarget;
			buildConfigurationList = A722C8371FADE9890033241B /* Build configuration list for PBXNativeTarget "Social-Media" */;
			buildPhases = (
				32C2C8BE43C56AAD0D2AF638 /* [CP] Check Pods Manifest.lock */,
				A722C8211FADE9890033241B /* Sources */,
				A722C8221FADE9890033241B /* Frameworks */,
				A722C8231FADE9890033241B /* Resources */,
				54E74001163DC8F369A6C060 /* [CP] Embed Pods Frameworks */,
				4BB7434F69560A98B878C59C /* [CP] Copy Pods Resources */,
			);
			buildRules = (
			);
			dependencies = (
			);
			name = "Social-Media";
			productName = "Social-Media";
			productReference = A722C8251FADE9890033241B /* Social-Media.app */;
			productType = "com.apple.product-type.application";
		};
/* End PBXNativeTarget section */

/* Begin PBXProject section */
		A722C81D1FADE9890033241B /* Project object */ = {
			isa = PBXProject;
			attributes = {
				LastSwiftUpdateCheck = 0900;
				LastUpgradeCheck = 0900;
				ORGANIZATIONNAME = "Erkut Baş";
				TargetAttributes = {
					A722C8241FADE9890033241B = {
						CreatedOnToolsVersion = 9.0.1;
						ProvisioningStyle = Automatic;
					};
				};
			};
			buildConfigurationList = A722C8201FADE9890033241B /* Build configuration list for PBXProject "Social-Media" */;
			compatibilityVersion = "Xcode 8.0";
			developmentRegion = en;
			hasScannedForEncodings = 0;
			knownRegions = (
				en,
				Base,
			);
			mainGroup = A722C81C1FADE9890033241B;
			productRefGroup = A722C8261FADE9890033241B /* Products */;
			projectDirPath = "";
			projectRoot = "";
			targets = (
				A722C8241FADE9890033241B /* Social-Media */,
			);
		};
/* End PBXProject section */

/* Begin PBXResourcesBuildPhase section */
		A722C8231FADE9890033241B /* Resources */ = {
			isa = PBXResourcesBuildPhase;
			buildActionMask = 2147483647;
			files = (
				A722C8331FADE9890033241B /* LaunchScreen.storyboard in Resources */,
				A722C8301FADE9890033241B /* Assets.xcassets in Resources */,
				A722C83B1FADE9CD0033241B /* GoogleService-Info.plist in Resources */,
				A722C82E1FADE9890033241B /* Main.storyboard in Resources */,
			);
			runOnlyForDeploymentPostprocessing = 0;
		};
/* End PBXResourcesBuildPhase section */

/* Begin PBXShellScriptBuildPhase section */
		32C2C8BE43C56AAD0D2AF638 /* [CP] Check Pods Manifest.lock */ = {
			isa = PBXShellScriptBuildPhase;
			buildActionMask = 2147483647;
			files = (
			);
			inputPaths = (
				"${PODS_PODFILE_DIR_PATH}/Podfile.lock",
				"${PODS_ROOT}/Manifest.lock",
			);
			name = "[CP] Check Pods Manifest.lock";
			outputPaths = (
				"$(DERIVED_FILE_DIR)/Pods-Social-Media-checkManifestLockResult.txt",
			);
			runOnlyForDeploymentPostprocessing = 0;
			shellPath = /bin/sh;
			shellScript = "diff \"${PODS_PODFILE_DIR_PATH}/Podfile.lock\" \"${PODS_ROOT}/Manifest.lock\" > /dev/null\nif [ $? != 0 ] ; then\n    # print error to STDERR\n    echo \"error: The sandbox is not in sync with the Podfile.lock. Run 'pod install' or update your CocoaPods installation.\" >&2\n    exit 1\nfi\n# This output is used by Xcode 'outputs' to avoid re-running this script phase.\necho \"SUCCESS\" > \"${SCRIPT_OUTPUT_FILE_0}\"\n";
			showEnvVarsInLog = 0;
		};
		4BB7434F69560A98B878C59C /* [CP] Copy Pods Resources */ = {
			isa = PBXShellScriptBuildPhase;
			buildActionMask = 2147483647;
			files = (
			);
			inputPaths = (
			);
			name = "[CP] Copy Pods Resources";
			outputPaths = (
			);
			runOnlyForDeploymentPostprocessing = 0;
			shellPath = /bin/sh;
			shellScript = "\"${SRCROOT}/Pods/Target Support Files/Pods-Social-Media/Pods-Social-Media-resources.sh\"\n";
			showEnvVarsInLog = 0;
		};
		54E74001163DC8F369A6C060 /* [CP] Embed Pods Frameworks */ = {
			isa = PBXShellScriptBuildPhase;
			buildActionMask = 2147483647;
			files = (
			);
			inputPaths = (
				"${SRCROOT}/Pods/Target Support Files/Pods-Social-Media/Pods-Social-Media-frameworks.sh",
				"${BUILT_PRODUCTS_DIR}/GTMSessionFetcher/GTMSessionFetcher.framework",
				"${BUILT_PRODUCTS_DIR}/GoogleToolboxForMac/GoogleToolboxForMac.framework",
				"${BUILT_PRODUCTS_DIR}/leveldb-library/leveldb.framework",
				"${BUILT_PRODUCTS_DIR}/nanopb/nanopb.framework",
			);
			name = "[CP] Embed Pods Frameworks";
			outputPaths = (
				"${TARGET_BUILD_DIR}/${FRAMEWORKS_FOLDER_PATH}/GTMSessionFetcher.framework",
				"${TARGET_BUILD_DIR}/${FRAMEWORKS_FOLDER_PATH}/GoogleToolboxForMac.framework",
				"${TARGET_BUILD_DIR}/${FRAMEWORKS_FOLDER_PATH}/leveldb.framework",
				"${TARGET_BUILD_DIR}/${FRAMEWORKS_FOLDER_PATH}/nanopb.framework",
			);
			runOnlyForDeploymentPostprocessing = 0;
			shellPath = /bin/sh;
			shellScript = "\"${SRCROOT}/Pods/Target Support Files/Pods-Social-Media/Pods-Social-Media-frameworks.sh\"\n";
			showEnvVarsInLog = 0;
		};
/* End PBXShellScriptBuildPhase section */

/* Begin PBXSourcesBuildPhase section */
		A722C8211FADE9890033241B /* Sources */ = {
			isa = PBXSourcesBuildPhase;
			buildActionMask = 2147483647;
			files = (
				A7808EFE1FAE8DF100DDDC54 /* FancyField.swift in Sources */,
				A722C82B1FADE9890033241B /* SignInVC.swift in Sources */,
				A7808EFC1FAE888D00DDDC54 /* RoundBtn.swift in Sources */,
				A722C8291FADE9890033241B /* AppDelegate.swift in Sources */,
				A7808EF71FAE777600DDDC54 /* FancView.swift in Sources */,
				A7808EFA1FAE7E5500DDDC54 /* Constants.swift in Sources */,
				A7808F001FAE936900DDDC54 /* FancyBtn.swift in Sources */,
			);
			runOnlyForDeploymentPostprocessing = 0;
		};
/* End PBXSourcesBuildPhase section */

/* Begin PBXVariantGroup section */
		A722C82C1FADE9890033241B /* Main.storyboard */ = {
			isa = PBXVariantGroup;
			children = (
				A722C82D1FADE9890033241B /* Base */,
			);
			name = Main.storyboard;
			sourceTree = "<group>";
		};
		A722C8311FADE9890033241B /* LaunchScreen.storyboard */ = {
			isa = PBXVariantGroup;
			children = (
				A722C8321FADE9890033241B /* Base */,
			);
			name = LaunchScreen.storyboard;
			sourceTree = "<group>";
		};
/* End PBXVariantGroup section */

/* Begin XCBuildConfiguration section */
		A722C8351FADE9890033241B /* Debug */ = {
			isa = XCBuildConfiguration;
			buildSettings = {
				ALWAYS_SEARCH_USER_PATHS = NO;
				CLANG_ANALYZER_NONNULL = YES;
				CLANG_ANALYZER_NUMBER_OBJECT_CONVERSION = YES_AGGRESSIVE;
				CLANG_CXX_LANGUAGE_STANDARD = "gnu++14";
				CLANG_CXX_LIBRARY = "libc++";
				CLANG_ENABLE_MODULES = YES;
				CLANG_ENABLE_OBJC_ARC = YES;
				CLANG_WARN_BLOCK_CAPTURE_AUTORELEASING = YES;
				CLANG_WARN_BOOL_CONVERSION = YES;
				CLANG_WARN_COMMA = YES;
				CLANG_WARN_CONSTANT_CONVERSION = YES;
				CLANG_WARN_DIRECT_OBJC_ISA_USAGE = YES_ERROR;
				CLANG_WARN_DOCUMENTATION_COMMENTS = YES;
				CLANG_WARN_EMPTY_BODY = YES;
				CLANG_WARN_ENUM_CONVERSION = YES;
				CLANG_WARN_INFINITE_RECURSION = YES;
				CLANG_WARN_INT_CONVERSION = YES;
				CLANG_WARN_NON_LITERAL_NULL_CONVERSION = YES;
				CLANG_WARN_OBJC_LITERAL_CONVERSION = YES;
				CLANG_WARN_OBJC_ROOT_CLASS = YES_ERROR;
				CLANG_WARN_RANGE_LOOP_ANALYSIS = YES;
				CLANG_WARN_STRICT_PROTOTYPES = YES;
				CLANG_WARN_SUSPICIOUS_MOVE = YES;
				CLANG_WARN_UNGUARDED_AVAILABILITY = YES_AGGRESSIVE;
				CLANG_WARN_UNREACHABLE_CODE = YES;
				CLANG_WARN__DUPLICATE_METHOD_MATCH = YES;
				CODE_SIGN_IDENTITY = "iPhone Developer";
				COPY_PHASE_STRIP = NO;
				DEBUG_INFORMATION_FORMAT = dwarf;
				ENABLE_STRICT_OBJC_MSGSEND = YES;
				ENABLE_TESTABILITY = YES;
				GCC_C_LANGUAGE_STANDARD = gnu11;
				GCC_DYNAMIC_NO_PIC = NO;
				GCC_NO_COMMON_BLOCKS = YES;
				GCC_OPTIMIZATION_LEVEL = 0;
				GCC_PREPROCESSOR_DEFINITIONS = (
					"DEBUG=1",
					"$(inherited)",
				);
				GCC_WARN_64_TO_32_BIT_CONVERSION = YES;
				GCC_WARN_ABOUT_RETURN_TYPE = YES_ERROR;
				GCC_WARN_UNDECLARED_SELECTOR = YES;
				GCC_WARN_UNINITIALIZED_AUTOS = YES_AGGRESSIVE;
				GCC_WARN_UNUSED_FUNCTION = YES;
				GCC_WARN_UNUSED_VARIABLE = YES;
				IPHONEOS_DEPLOYMENT_TARGET = 11.0;
				MTL_ENABLE_DEBUG_INFO = YES;
				ONLY_ACTIVE_ARCH = YES;
				SDKROOT = iphoneos;
				SWIFT_ACTIVE_COMPILATION_CONDITIONS = DEBUG;
				SWIFT_OPTIMIZATION_LEVEL = "-Onone";
			};
			name = Debug;
		};
		A722C8361FADE9890033241B /* Release */ = {
			isa = XCBuildConfiguration;
			buildSettings = {
				ALWAYS_SEARCH_USER_PATHS = NO;
				CLANG_ANALYZER_NONNULL = YES;
				CLANG_ANALYZER_NUMBER_OBJECT_CONVERSION = YES_AGGRESSIVE;
				CLANG_CXX_LANGUAGE_STANDARD = "gnu++14";
				CLANG_CXX_LIBRARY = "libc++";
				CLANG_ENABLE_MODULES = YES;
				CLANG_ENABLE_OBJC_ARC = YES;
				CLANG_WARN_BLOCK_CAPTURE_AUTORELEASING = YES;
				CLANG_WARN_BOOL_CONVERSION = YES;
				CLANG_WARN_COMMA = YES;
				CLANG_WARN_CONSTANT_CONVERSION = YES;
				CLANG_WARN_DIRECT_OBJC_ISA_USAGE = YES_ERROR;
				CLANG_WARN_DOCUMENTATION_COMMENTS = YES;
				CLANG_WARN_EMPTY_BODY = YES;
				CLANG_WARN_ENUM_CONVERSION = YES;
				CLANG_WARN_INFINITE_RECURSION = YES;
				CLANG_WARN_INT_CONVERSION = YES;
				CLANG_WARN_NON_LITERAL_NULL_CONVERSION = YES;
				CLANG_WARN_OBJC_LITERAL_CONVERSION = YES;
				CLANG_WARN_OBJC_ROOT_CLASS = YES_ERROR;
				CLANG_WARN_RANGE_LOOP_ANALYSIS = YES;
				CLANG_WARN_STRICT_PROTOTYPES = YES;
				CLANG_WARN_SUSPICIOUS_MOVE = YES;
				CLANG_WARN_UNGUARDED_AVAILABILITY = YES_AGGRESSIVE;
				CLANG_WARN_UNREACHABLE_CODE = YES;
				CLANG_WARN__DUPLICATE_METHOD_MATCH = YES;
				CODE_SIGN_IDENTITY = "iPhone Developer";
				COPY_PHASE_STRIP = NO;
				DEBUG_INFORMATION_FORMAT = "dwarf-with-dsym";
				ENABLE_NS_ASSERTIONS = NO;
				ENABLE_STRICT_OBJC_MSGSEND = YES;
				GCC_C_LANGUAGE_STANDARD = gnu11;
				GCC_NO_COMMON_BLOCKS = YES;
				GCC_WARN_64_TO_32_BIT_CONVERSION = YES;
				GCC_WARN_ABOUT_RETURN_TYPE = YES_ERROR;
				GCC_WARN_UNDECLARED_SELECTOR = YES;
				GCC_WARN_UNINITIALIZED_AUTOS = YES_AGGRESSIVE;
				GCC_WARN_UNUSED_FUNCTION = YES;
				GCC_WARN_UNUSED_VARIABLE = YES;
				IPHONEOS_DEPLOYMENT_TARGET = 11.0;
				MTL_ENABLE_DEBUG_INFO = NO;
				SDKROOT = iphoneos;
				SWIFT_OPTIMIZATION_LEVEL = "-Owholemodule";
				VALIDATE_PRODUCT = YES;
			};
			name = Release;
		};
		A722C8381FADE9890033241B /* Debug */ = {
			isa = XCBuildConfiguration;
			baseConfigurationReference = F8C2E41DED126FD4E4DE9D2E /* Pods-Social-Media.debug.xcconfig */;
			buildSettings = {
				ASSETCATALOG_COMPILER_APPICON_NAME = AppIcon;
				CODE_SIGN_STYLE = Automatic;
				DEVELOPMENT_TEAM = ZVL2SV8VV7;
				INFOPLIST_FILE = "Social-Media/Info.plist";
				LD_RUNPATH_SEARCH_PATHS = "$(inherited) @executable_path/Frameworks";
				PRODUCT_BUNDLE_IDENTIFIER = "com.erkutbas.Social-Media";
				PRODUCT_NAME = "$(TARGET_NAME)";
				SWIFT_VERSION = 4.0;
				TARGETED_DEVICE_FAMILY = "1,2";
			};
			name = Debug;
		};
		A722C8391FADE9890033241B /* Release */ = {
			isa = XCBuildConfiguration;
			baseConfigurationReference = 3E41B0AA69B5403596001D70 /* Pods-Social-Media.release.xcconfig */;
			buildSettings = {
				ASSETCATALOG_COMPILER_APPICON_NAME = AppIcon;
				CODE_SIGN_STYLE = Automatic;
				DEVELOPMENT_TEAM = ZVL2SV8VV7;
				INFOPLIST_FILE = "Social-Media/Info.plist";
				LD_RUNPATH_SEARCH_PATHS = "$(inherited) @executable_path/Frameworks";
				PRODUCT_BUNDLE_IDENTIFIER = "com.erkutbas.Social-Media";
				PRODUCT_NAME = "$(TARGET_NAME)";
				SWIFT_VERSION = 4.0;
				TARGETED_DEVICE_FAMILY = "1,2";
			};
			name = Release;
		};
/* End XCBuildConfiguration section */

/* Begin XCConfigurationList section */
		A722C8201FADE9890033241B /* Build configuration list for PBXProject "Social-Media" */ = {
			isa = XCConfigurationList;
			buildConfigurations = (
				A722C8351FADE9890033241B /* Debug */,
				A722C8361FADE9890033241B /* Release */,
			);
			defaultConfigurationIsVisible = 0;
			defaultConfigurationName = Release;
		};
		A722C8371FADE9890033241B /* Build configuration list for PBXNativeTarget "Social-Media" */ = {
			isa = XCConfigurationList;
			buildConfigurations = (
				A722C8381FADE9890033241B /* Debug */,
				A722C8391FADE9890033241B /* Release */,
			);
			defaultConfigurationIsVisible = 0;
			defaultConfigurationName = Release;
		};
/* End XCConfigurationList section */
	};
	rootObject = A722C81D1FADE9890033241B /* Project object */;
}
